// !$*UTF8*$!
{
	archiveVersion = 1;
	classes = {
	};
	objectVersion = 56;
	objects = {

/* Begin PBXBuildFile section */
		93082BB92A27AADF003FA9BC /* StatisticsViewModel.swift in Sources */ = {isa = PBXBuildFile; fileRef = 93082BB82A27AADF003FA9BC /* StatisticsViewModel.swift */; };
		930AB2A02A001D0400BFF3FA /* CompetitionsListViewModel.swift in Sources */ = {isa = PBXBuildFile; fileRef = 930AB29F2A001D0400BFF3FA /* CompetitionsListViewModel.swift */; };
		930AB2A42A02F90200BFF3FA /* CompetitionImage.swift in Sources */ = {isa = PBXBuildFile; fileRef = 930AB2A32A02F90200BFF3FA /* CompetitionImage.swift */; };
		930AB2A62A0414B900BFF3FA /* CompetitionView.swift in Sources */ = {isa = PBXBuildFile; fileRef = 930AB2A52A0414B900BFF3FA /* CompetitionView.swift */; };
		930AB2A92A0414F500BFF3FA /* CompetitionViewModel.swift in Sources */ = {isa = PBXBuildFile; fileRef = 930AB2A82A0414F500BFF3FA /* CompetitionViewModel.swift */; };
		930AB2AB2A04181400BFF3FA /* Fixture.swift in Sources */ = {isa = PBXBuildFile; fileRef = 930AB2AA2A04181400BFF3FA /* Fixture.swift */; };
		930AB2AD2A04185C00BFF3FA /* StatisticsData.swift in Sources */ = {isa = PBXBuildFile; fileRef = 930AB2AC2A04185C00BFF3FA /* StatisticsData.swift */; };
		930AB2AF2A043FA200BFF3FA /* CompetitionRow.swift in Sources */ = {isa = PBXBuildFile; fileRef = 930AB2AE2A043FA200BFF3FA /* CompetitionRow.swift */; };
		932F0E3D2A1D3AFA0005F994 /* ProgressBarView.swift in Sources */ = {isa = PBXBuildFile; fileRef = 932F0E3C2A1D3AFA0005F994 /* ProgressBarView.swift */; };
		932F0E3F2A1E87700005F994 /* CircularProgressBarView.swift in Sources */ = {isa = PBXBuildFile; fileRef = 932F0E3E2A1E87700005F994 /* CircularProgressBarView.swift */; };
		932F0E412A1FC3280005F994 /* PredictionView.swift in Sources */ = {isa = PBXBuildFile; fileRef = 932F0E402A1FC3280005F994 /* PredictionView.swift */; };
		932F0E442A1FC37C0005F994 /* PredictionViewModel.swift in Sources */ = {isa = PBXBuildFile; fileRef = 932F0E432A1FC37C0005F994 /* PredictionViewModel.swift */; };
		93381A2F2AC3588600512B53 /* TermsOfUseView.swift in Sources */ = {isa = PBXBuildFile; fileRef = 93381A2E2AC3588600512B53 /* TermsOfUseView.swift */; };
		935328D02B7A6D0800559583 /* Odds.swift in Sources */ = {isa = PBXBuildFile; fileRef = 935328CF2B7A6D0800559583 /* Odds.swift */; };
		935328D22B7A759D00559583 /* OddsView.swift in Sources */ = {isa = PBXBuildFile; fileRef = 935328D12B7A759D00559583 /* OddsView.swift */; };
		9359C95C2A26558F000308F5 /* ComparisonAndPrediction.swift in Sources */ = {isa = PBXBuildFile; fileRef = 9359C95B2A26558F000308F5 /* ComparisonAndPrediction.swift */; };
		9359C9602A265E86000308F5 /* GamesStatisticsRow.swift in Sources */ = {isa = PBXBuildFile; fileRef = 9359C95F2A265E86000308F5 /* GamesStatisticsRow.swift */; };
		9359C9632A27A9B4000308F5 /* StatisticsView.swift in Sources */ = {isa = PBXBuildFile; fileRef = 9359C9622A27A9B4000308F5 /* StatisticsView.swift */; };
		935EE8B02A2203C2000D8157 /* ImageCacheManager.swift in Sources */ = {isa = PBXBuildFile; fileRef = 935EE8AF2A2203C2000D8157 /* ImageCacheManager.swift */; };
		935EE8C32A251E69000D8157 /* TeamsStats.swift in Sources */ = {isa = PBXBuildFile; fileRef = 935EE8C22A251E69000D8157 /* TeamsStats.swift */; };
		938D6C3D2A0D60ED002854DC /* FixtureView.swift in Sources */ = {isa = PBXBuildFile; fileRef = 938D6C3C2A0D60ED002854DC /* FixtureView.swift */; };
		938D6C402A0D613B002854DC /* FixtureViewModel.swift in Sources */ = {isa = PBXBuildFile; fileRef = 938D6C3F2A0D613B002854DC /* FixtureViewModel.swift */; };
		938D6C422A0D7519002854DC /* FixtureRow.swift in Sources */ = {isa = PBXBuildFile; fileRef = 938D6C412A0D7519002854DC /* FixtureRow.swift */; };
		938D6C442A0D76BB002854DC /* TeamLogoImage.swift in Sources */ = {isa = PBXBuildFile; fileRef = 938D6C432A0D76BB002854DC /* TeamLogoImage.swift */; };
		938D6C462A18D66F002854DC /* ComparisonView.swift in Sources */ = {isa = PBXBuildFile; fileRef = 938D6C452A18D66F002854DC /* ComparisonView.swift */; };
		938D6C492A18D854002854DC /* ComparisonViewModel.swift in Sources */ = {isa = PBXBuildFile; fileRef = 938D6C482A18D854002854DC /* ComparisonViewModel.swift */; };
		938D6C4B2A1900A0002854DC /* ComparisonRow.swift in Sources */ = {isa = PBXBuildFile; fileRef = 938D6C4A2A1900A0002854DC /* ComparisonRow.swift */; };
		939A5DC329F6ED1A005DDA83 /* MathBettorApp.swift in Sources */ = {isa = PBXBuildFile; fileRef = 939A5DC229F6ED1A005DDA83 /* MathBettorApp.swift */; };
		939A5DC729F6ED1C005DDA83 /* Assets.xcassets in Resources */ = {isa = PBXBuildFile; fileRef = 939A5DC629F6ED1C005DDA83 /* Assets.xcassets */; };
		939A5DCA29F6ED1C005DDA83 /* Preview Assets.xcassets in Resources */ = {isa = PBXBuildFile; fileRef = 939A5DC929F6ED1C005DDA83 /* Preview Assets.xcassets */; };
		939A5DD129F6ED62005DDA83 /* CompetitionsListView.swift in Sources */ = {isa = PBXBuildFile; fileRef = 939A5DD029F6ED62005DDA83 /* CompetitionsListView.swift */; };
		939A5DD329F6EE72005DDA83 /* CompetitionsList.swift in Sources */ = {isa = PBXBuildFile; fileRef = 939A5DD229F6EE72005DDA83 /* CompetitionsList.swift */; };
		939A5DD529F6EEC5005DDA83 /* NetworkManager.swift in Sources */ = {isa = PBXBuildFile; fileRef = 939A5DD429F6EEC5005DDA83 /* NetworkManager.swift */; };
		93E36BED2A38D45000914717 /* CacheAsyncImage.swift in Sources */ = {isa = PBXBuildFile; fileRef = 93E36BEC2A38D45000914717 /* CacheAsyncImage.swift */; };
		93E631B32A2E4BAC00E3F90B /* GridItemView.swift in Sources */ = {isa = PBXBuildFile; fileRef = 93E631B22A2E4BAC00E3F90B /* GridItemView.swift */; };
		93E631B52A2E58AA00E3F90B /* FixtureInfoView.swift in Sources */ = {isa = PBXBuildFile; fileRef = 93E631B42A2E58AA00E3F90B /* FixtureInfoView.swift */; };
		93E631B72A2E5F5A00E3F90B /* CompetitionInfoView.swift in Sources */ = {isa = PBXBuildFile; fileRef = 93E631B62A2E5F5A00E3F90B /* CompetitionInfoView.swift */; };
		93EAFA5629FFFC10006315F7 /* HelloView.swift in Sources */ = {isa = PBXBuildFile; fileRef = 93EAFA5529FFFC10006315F7 /* HelloView.swift */; };
		93FF36C72A40B55800F24B09 /* BackgroundGradient.swift in Sources */ = {isa = PBXBuildFile; fileRef = 93FF36C62A40B55800F24B09 /* BackgroundGradient.swift */; };
/* End PBXBuildFile section */

/* Begin PBXFileReference section */
		93082BB82A27AADF003FA9BC /* StatisticsViewModel.swift */ = {isa = PBXFileReference; lastKnownFileType = sourcecode.swift; path = StatisticsViewModel.swift; sourceTree = "<group>"; };
		930AB29F2A001D0400BFF3FA /* CompetitionsListViewModel.swift */ = {isa = PBXFileReference; lastKnownFileType = sourcecode.swift; path = CompetitionsListViewModel.swift; sourceTree = "<group>"; };
		930AB2A32A02F90200BFF3FA /* CompetitionImage.swift */ = {isa = PBXFileReference; lastKnownFileType = sourcecode.swift; path = CompetitionImage.swift; sourceTree = "<group>"; };
		930AB2A52A0414B900BFF3FA /* CompetitionView.swift */ = {isa = PBXFileReference; lastKnownFileType = sourcecode.swift; path = CompetitionView.swift; sourceTree = "<group>"; };
		930AB2A82A0414F500BFF3FA /* CompetitionViewModel.swift */ = {isa = PBXFileReference; lastKnownFileType = sourcecode.swift; path = CompetitionViewModel.swift; sourceTree = "<group>"; };
		930AB2AA2A04181400BFF3FA /* Fixture.swift */ = {isa = PBXFileReference; lastKnownFileType = sourcecode.swift; path = Fixture.swift; sourceTree = "<group>"; };
		930AB2AC2A04185C00BFF3FA /* StatisticsData.swift */ = {isa = PBXFileReference; lastKnownFileType = sourcecode.swift; path = StatisticsData.swift; sourceTree = "<group>"; };
		930AB2AE2A043FA200BFF3FA /* CompetitionRow.swift */ = {isa = PBXFileReference; lastKnownFileType = sourcecode.swift; path = CompetitionRow.swift; sourceTree = "<group>"; };
		932F0E3C2A1D3AFA0005F994 /* ProgressBarView.swift */ = {isa = PBXFileReference; lastKnownFileType = sourcecode.swift; path = ProgressBarView.swift; sourceTree = "<group>"; };
		932F0E3E2A1E87700005F994 /* CircularProgressBarView.swift */ = {isa = PBXFileReference; lastKnownFileType = sourcecode.swift; path = CircularProgressBarView.swift; sourceTree = "<group>"; };
		932F0E402A1FC3280005F994 /* PredictionView.swift */ = {isa = PBXFileReference; lastKnownFileType = sourcecode.swift; path = PredictionView.swift; sourceTree = "<group>"; };
		932F0E432A1FC37C0005F994 /* PredictionViewModel.swift */ = {isa = PBXFileReference; lastKnownFileType = sourcecode.swift; path = PredictionViewModel.swift; sourceTree = "<group>"; };
		93381A2E2AC3588600512B53 /* TermsOfUseView.swift */ = {isa = PBXFileReference; lastKnownFileType = sourcecode.swift; path = TermsOfUseView.swift; sourceTree = "<group>"; };
		935328CF2B7A6D0800559583 /* Odds.swift */ = {isa = PBXFileReference; lastKnownFileType = sourcecode.swift; path = Odds.swift; sourceTree = "<group>"; };
		935328D12B7A759D00559583 /* OddsView.swift */ = {isa = PBXFileReference; lastKnownFileType = sourcecode.swift; path = OddsView.swift; sourceTree = "<group>"; };
		9359C95B2A26558F000308F5 /* ComparisonAndPrediction.swift */ = {isa = PBXFileReference; lastKnownFileType = sourcecode.swift; path = ComparisonAndPrediction.swift; sourceTree = "<group>"; };
		9359C95F2A265E86000308F5 /* GamesStatisticsRow.swift */ = {isa = PBXFileReference; lastKnownFileType = sourcecode.swift; path = GamesStatisticsRow.swift; sourceTree = "<group>"; };
		9359C9622A27A9B4000308F5 /* StatisticsView.swift */ = {isa = PBXFileReference; lastKnownFileType = sourcecode.swift; path = StatisticsView.swift; sourceTree = "<group>"; };
		935EE8AF2A2203C2000D8157 /* ImageCacheManager.swift */ = {isa = PBXFileReference; lastKnownFileType = sourcecode.swift; path = ImageCacheManager.swift; sourceTree = "<group>"; };
		935EE8C22A251E69000D8157 /* TeamsStats.swift */ = {isa = PBXFileReference; lastKnownFileType = sourcecode.swift; path = TeamsStats.swift; sourceTree = "<group>"; };
		938D6C3C2A0D60ED002854DC /* FixtureView.swift */ = {isa = PBXFileReference; lastKnownFileType = sourcecode.swift; path = FixtureView.swift; sourceTree = "<group>"; };
		938D6C3F2A0D613B002854DC /* FixtureViewModel.swift */ = {isa = PBXFileReference; lastKnownFileType = sourcecode.swift; path = FixtureViewModel.swift; sourceTree = "<group>"; };
		938D6C412A0D7519002854DC /* FixtureRow.swift */ = {isa = PBXFileReference; lastKnownFileType = sourcecode.swift; path = FixtureRow.swift; sourceTree = "<group>"; };
		938D6C432A0D76BB002854DC /* TeamLogoImage.swift */ = {isa = PBXFileReference; lastKnownFileType = sourcecode.swift; path = TeamLogoImage.swift; sourceTree = "<group>"; };
		938D6C452A18D66F002854DC /* ComparisonView.swift */ = {isa = PBXFileReference; lastKnownFileType = sourcecode.swift; path = ComparisonView.swift; sourceTree = "<group>"; };
		938D6C482A18D854002854DC /* ComparisonViewModel.swift */ = {isa = PBXFileReference; lastKnownFileType = sourcecode.swift; path = ComparisonViewModel.swift; sourceTree = "<group>"; };
		938D6C4A2A1900A0002854DC /* ComparisonRow.swift */ = {isa = PBXFileReference; lastKnownFileType = sourcecode.swift; path = ComparisonRow.swift; sourceTree = "<group>"; };
		939A5DBF29F6ED1A005DDA83 /* MathBettor.app */ = {isa = PBXFileReference; explicitFileType = wrapper.application; includeInIndex = 0; path = MathBettor.app; sourceTree = BUILT_PRODUCTS_DIR; };
		939A5DC229F6ED1A005DDA83 /* MathBettorApp.swift */ = {isa = PBXFileReference; lastKnownFileType = sourcecode.swift; path = MathBettorApp.swift; sourceTree = "<group>"; };
		939A5DC629F6ED1C005DDA83 /* Assets.xcassets */ = {isa = PBXFileReference; lastKnownFileType = folder.assetcatalog; path = Assets.xcassets; sourceTree = "<group>"; };
		939A5DC929F6ED1C005DDA83 /* Preview Assets.xcassets */ = {isa = PBXFileReference; lastKnownFileType = folder.assetcatalog; path = "Preview Assets.xcassets"; sourceTree = "<group>"; };
		939A5DD029F6ED62005DDA83 /* CompetitionsListView.swift */ = {isa = PBXFileReference; lastKnownFileType = sourcecode.swift; path = CompetitionsListView.swift; sourceTree = "<group>"; };
		939A5DD229F6EE72005DDA83 /* CompetitionsList.swift */ = {isa = PBXFileReference; lastKnownFileType = sourcecode.swift; path = CompetitionsList.swift; sourceTree = "<group>"; };
		939A5DD429F6EEC5005DDA83 /* NetworkManager.swift */ = {isa = PBXFileReference; lastKnownFileType = sourcecode.swift; path = NetworkManager.swift; sourceTree = "<group>"; };
		93E36BEC2A38D45000914717 /* CacheAsyncImage.swift */ = {isa = PBXFileReference; lastKnownFileType = sourcecode.swift; path = CacheAsyncImage.swift; sourceTree = "<group>"; };
		93E631B22A2E4BAC00E3F90B /* GridItemView.swift */ = {isa = PBXFileReference; lastKnownFileType = sourcecode.swift; path = GridItemView.swift; sourceTree = "<group>"; };
		93E631B42A2E58AA00E3F90B /* FixtureInfoView.swift */ = {isa = PBXFileReference; lastKnownFileType = sourcecode.swift; path = FixtureInfoView.swift; sourceTree = "<group>"; };
		93E631B62A2E5F5A00E3F90B /* CompetitionInfoView.swift */ = {isa = PBXFileReference; lastKnownFileType = sourcecode.swift; path = CompetitionInfoView.swift; sourceTree = "<group>"; };
		93EAFA5529FFFC10006315F7 /* HelloView.swift */ = {isa = PBXFileReference; lastKnownFileType = sourcecode.swift; path = HelloView.swift; sourceTree = "<group>"; };
		93FF36C62A40B55800F24B09 /* BackgroundGradient.swift */ = {isa = PBXFileReference; lastKnownFileType = sourcecode.swift; path = BackgroundGradient.swift; sourceTree = "<group>"; };
/* End PBXFileReference section */

/* Begin PBXFrameworksBuildPhase section */
		939A5DBC29F6ED1A005DDA83 /* Frameworks */ = {
			isa = PBXFrameworksBuildPhase;
			buildActionMask = 2147483647;
			files = (
			);
			runOnlyForDeploymentPostprocessing = 0;
		};
/* End PBXFrameworksBuildPhase section */

/* Begin PBXGroup section */
		930AB2A12A02D36200BFF3FA /* Models */ = {
			isa = PBXGroup;
			children = (
				939A5DD229F6EE72005DDA83 /* CompetitionsList.swift */,
				930AB2AA2A04181400BFF3FA /* Fixture.swift */,
				930AB2AC2A04185C00BFF3FA /* StatisticsData.swift */,
				9359C95B2A26558F000308F5 /* ComparisonAndPrediction.swift */,
				935EE8C22A251E69000D8157 /* TeamsStats.swift */,
				935328CF2B7A6D0800559583 /* Odds.swift */,
			);
			path = Models;
			sourceTree = "<group>";
		};
		930AB2A22A02F81200BFF3FA /* CompetitionsListView */ = {
			isa = PBXGroup;
			children = (
				939A5DD029F6ED62005DDA83 /* CompetitionsListView.swift */,
				930AB29F2A001D0400BFF3FA /* CompetitionsListViewModel.swift */,
				93FF36CA2A40BCBA00F24B09 /* Components */,
			);
			path = CompetitionsListView;
			sourceTree = "<group>";
		};
		930AB2A72A0414BF00BFF3FA /* CompetitionView */ = {
			isa = PBXGroup;
			children = (
				930AB2A52A0414B900BFF3FA /* CompetitionView.swift */,
				930AB2A82A0414F500BFF3FA /* CompetitionViewModel.swift */,
				93FF36CB2A40BCCF00F24B09 /* Components */,
			);
			path = CompetitionView;
			sourceTree = "<group>";
		};
		930AB2B02A0595F500BFF3FA /* Services */ = {
			isa = PBXGroup;
			children = (
				939A5DD429F6EEC5005DDA83 /* NetworkManager.swift */,
				935EE8AF2A2203C2000D8157 /* ImageCacheManager.swift */,
			);
			path = Services;
			sourceTree = "<group>";
		};
		932F0E422A1FC32D0005F994 /* PredictionView */ = {
			isa = PBXGroup;
			children = (
				932F0E402A1FC3280005F994 /* PredictionView.swift */,
				932F0E432A1FC37C0005F994 /* PredictionViewModel.swift */,
				93FF36CF2A40BD5E00F24B09 /* Components */,
			);
			path = PredictionView;
			sourceTree = "<group>";
		};
		93381A2D2AC3585600512B53 /* TermsOfUse */ = {
			isa = PBXGroup;
			children = (
				93381A2E2AC3588600512B53 /* TermsOfUseView.swift */,
			);
			path = TermsOfUse;
			sourceTree = "<group>";
		};
		9359C9612A27A936000308F5 /* StatisticsView */ = {
			isa = PBXGroup;
			children = (
				9359C9622A27A9B4000308F5 /* StatisticsView.swift */,
				93082BB82A27AADF003FA9BC /* StatisticsViewModel.swift */,
				93FF36CE2A40BD3600F24B09 /* Components */,
			);
			path = StatisticsView;
			sourceTree = "<group>";
		};
		938D6C3E2A0D60F4002854DC /* FixtureView */ = {
			isa = PBXGroup;
			children = (
				938D6C3C2A0D60ED002854DC /* FixtureView.swift */,
				938D6C3F2A0D613B002854DC /* FixtureViewModel.swift */,
				93FF36CC2A40BD0300F24B09 /* Components */,
				938D6C472A18D676002854DC /* ComparisonView */,
				9359C9612A27A936000308F5 /* StatisticsView */,
				932F0E422A1FC32D0005F994 /* PredictionView */,
			);
			path = FixtureView;
			sourceTree = "<group>";
		};
		938D6C472A18D676002854DC /* ComparisonView */ = {
			isa = PBXGroup;
			children = (
				938D6C452A18D66F002854DC /* ComparisonView.swift */,
				938D6C482A18D854002854DC /* ComparisonViewModel.swift */,
				93FF36CD2A40BD2100F24B09 /* Components */,
			);
			path = ComparisonView;
			sourceTree = "<group>";
		};
		939A5DB629F6ED1A005DDA83 = {
			isa = PBXGroup;
			children = (
				939A5DC129F6ED1A005DDA83 /* MathBettor */,
				939A5DC029F6ED1A005DDA83 /* Products */,
			);
			sourceTree = "<group>";
		};
		939A5DC029F6ED1A005DDA83 /* Products */ = {
			isa = PBXGroup;
			children = (
				939A5DBF29F6ED1A005DDA83 /* MathBettor.app */,
			);
			name = Products;
			sourceTree = "<group>";
		};
		939A5DC129F6ED1A005DDA83 /* MathBettor */ = {
			isa = PBXGroup;
			children = (
				939A5DC229F6ED1A005DDA83 /* MathBettorApp.swift */,
				93FF36C32A40B3CC00F24B09 /* Views */,
				930AB2A12A02D36200BFF3FA /* Models */,
				930AB2B02A0595F500BFF3FA /* Services */,
				93FF36C52A40B52100F24B09 /* Utils */,
				939A5DC629F6ED1C005DDA83 /* Assets.xcassets */,
				939A5DC829F6ED1C005DDA83 /* Preview Content */,
			);
			path = MathBettor;
			sourceTree = "<group>";
		};
		939A5DC829F6ED1C005DDA83 /* Preview Content */ = {
			isa = PBXGroup;
			children = (
				939A5DC929F6ED1C005DDA83 /* Preview Assets.xcassets */,
			);
			path = "Preview Content";
			sourceTree = "<group>";
		};
		93FF36C22A40B0A500F24B09 /* Components */ = {
			isa = PBXGroup;
			children = (
				930AB2A32A02F90200BFF3FA /* CompetitionImage.swift */,
				938D6C432A0D76BB002854DC /* TeamLogoImage.swift */,
			);
			path = Components;
			sourceTree = "<group>";
		};
		93FF36C32A40B3CC00F24B09 /* Views */ = {
			isa = PBXGroup;
			children = (
				93381A2D2AC3585600512B53 /* TermsOfUse */,
				93FF36C42A40B3ED00F24B09 /* HelloView */,
				930AB2A22A02F81200BFF3FA /* CompetitionsListView */,
				930AB2A72A0414BF00BFF3FA /* CompetitionView */,
				938D6C3E2A0D60F4002854DC /* FixtureView */,
				93FF36C22A40B0A500F24B09 /* Components */,
			);
			path = Views;
			sourceTree = "<group>";
		};
		93FF36C42A40B3ED00F24B09 /* HelloView */ = {
			isa = PBXGroup;
			children = (
				93EAFA5529FFFC10006315F7 /* HelloView.swift */,
			);
			path = HelloView;
			sourceTree = "<group>";
		};
		93FF36C52A40B52100F24B09 /* Utils */ = {
			isa = PBXGroup;
			children = (
				93E36BEC2A38D45000914717 /* CacheAsyncImage.swift */,
				93FF36C62A40B55800F24B09 /* BackgroundGradient.swift */,
			);
			path = Utils;
			sourceTree = "<group>";
		};
		93FF36CA2A40BCBA00F24B09 /* Components */ = {
			isa = PBXGroup;
			children = (
				930AB2AE2A043FA200BFF3FA /* CompetitionRow.swift */,
			);
			path = Components;
			sourceTree = "<group>";
		};
		93FF36CB2A40BCCF00F24B09 /* Components */ = {
			isa = PBXGroup;
			children = (
				93E631B62A2E5F5A00E3F90B /* CompetitionInfoView.swift */,
				938D6C412A0D7519002854DC /* FixtureRow.swift */,
			);
			path = Components;
			sourceTree = "<group>";
		};
		93FF36CC2A40BD0300F24B09 /* Components */ = {
			isa = PBXGroup;
			children = (
				93E631B42A2E58AA00E3F90B /* FixtureInfoView.swift */,
			);
			path = Components;
			sourceTree = "<group>";
		};
		93FF36CD2A40BD2100F24B09 /* Components */ = {
			isa = PBXGroup;
			children = (
				932F0E3C2A1D3AFA0005F994 /* ProgressBarView.swift */,
				938D6C4A2A1900A0002854DC /* ComparisonRow.swift */,
			);
			path = Components;
			sourceTree = "<group>";
		};
		93FF36CE2A40BD3600F24B09 /* Components */ = {
			isa = PBXGroup;
			children = (
				9359C95F2A265E86000308F5 /* GamesStatisticsRow.swift */,
			);
			path = Components;
			sourceTree = "<group>";
		};
		93FF36CF2A40BD5E00F24B09 /* Components */ = {
			isa = PBXGroup;
			children = (
				935328D12B7A759D00559583 /* OddsView.swift */,
				932F0E3E2A1E87700005F994 /* CircularProgressBarView.swift */,
				93E631B22A2E4BAC00E3F90B /* GridItemView.swift */,
			);
			path = Components;
			sourceTree = "<group>";
		};
/* End PBXGroup section */

/* Begin PBXNativeTarget section */
		939A5DBE29F6ED1A005DDA83 /* MathBettor */ = {
			isa = PBXNativeTarget;
			buildConfigurationList = 939A5DCD29F6ED1C005DDA83 /* Build configuration list for PBXNativeTarget "MathBettor" */;
			buildPhases = (
				939A5DBB29F6ED1A005DDA83 /* Sources */,
				939A5DBC29F6ED1A005DDA83 /* Frameworks */,
				939A5DBD29F6ED1A005DDA83 /* Resources */,
			);
			buildRules = (
			);
			dependencies = (
			);
			name = MathBettor;
			productName = MathBettor;
			productReference = 939A5DBF29F6ED1A005DDA83 /* MathBettor.app */;
			productType = "com.apple.product-type.application";
		};
/* End PBXNativeTarget section */

/* Begin PBXProject section */
		939A5DB729F6ED1A005DDA83 /* Project object */ = {
			isa = PBXProject;
			attributes = {
				BuildIndependentTargetsInParallel = 1;
				LastSwiftUpdateCheck = 1410;
				LastUpgradeCheck = 1410;
				TargetAttributes = {
					939A5DBE29F6ED1A005DDA83 = {
						CreatedOnToolsVersion = 14.1;
					};
				};
			};
			buildConfigurationList = 939A5DBA29F6ED1A005DDA83 /* Build configuration list for PBXProject "MathBettor" */;
			compatibilityVersion = "Xcode 14.0";
			developmentRegion = en;
			hasScannedForEncodings = 0;
			knownRegions = (
				en,
				Base,
			);
			mainGroup = 939A5DB629F6ED1A005DDA83;
			productRefGroup = 939A5DC029F6ED1A005DDA83 /* Products */;
			projectDirPath = "";
			projectRoot = "";
			targets = (
				939A5DBE29F6ED1A005DDA83 /* MathBettor */,
			);
		};
/* End PBXProject section */

/* Begin PBXResourcesBuildPhase section */
		939A5DBD29F6ED1A005DDA83 /* Resources */ = {
			isa = PBXResourcesBuildPhase;
			buildActionMask = 2147483647;
			files = (
				939A5DCA29F6ED1C005DDA83 /* Preview Assets.xcassets in Resources */,
				939A5DC729F6ED1C005DDA83 /* Assets.xcassets in Resources */,
			);
			runOnlyForDeploymentPostprocessing = 0;
		};
/* End PBXResourcesBuildPhase section */

/* Begin PBXSourcesBuildPhase section */
		939A5DBB29F6ED1A005DDA83 /* Sources */ = {
			isa = PBXSourcesBuildPhase;
			buildActionMask = 2147483647;
			files = (
				939A5DC329F6ED1A005DDA83 /* MathBettorApp.swift in Sources */,
				9359C9632A27A9B4000308F5 /* StatisticsView.swift in Sources */,
				932F0E412A1FC3280005F994 /* PredictionView.swift in Sources */,
				93381A2F2AC3588600512B53 /* TermsOfUseView.swift in Sources */,
				93E36BED2A38D45000914717 /* CacheAsyncImage.swift in Sources */,
				939A5DD529F6EEC5005DDA83 /* NetworkManager.swift in Sources */,
				935328D22B7A759D00559583 /* OddsView.swift in Sources */,
				9359C9602A265E86000308F5 /* GamesStatisticsRow.swift in Sources */,
				938D6C402A0D613B002854DC /* FixtureViewModel.swift in Sources */,
				938D6C4B2A1900A0002854DC /* ComparisonRow.swift in Sources */,
				93EAFA5629FFFC10006315F7 /* HelloView.swift in Sources */,
				938D6C442A0D76BB002854DC /* TeamLogoImage.swift in Sources */,
				932F0E442A1FC37C0005F994 /* PredictionViewModel.swift in Sources */,
				938D6C422A0D7519002854DC /* FixtureRow.swift in Sources */,
				932F0E3F2A1E87700005F994 /* CircularProgressBarView.swift in Sources */,
				93E631B32A2E4BAC00E3F90B /* GridItemView.swift in Sources */,
				93FF36C72A40B55800F24B09 /* BackgroundGradient.swift in Sources */,
				930AB2AD2A04185C00BFF3FA /* StatisticsData.swift in Sources */,
				9359C95C2A26558F000308F5 /* ComparisonAndPrediction.swift in Sources */,
				935EE8C32A251E69000D8157 /* TeamsStats.swift in Sources */,
				930AB2A02A001D0400BFF3FA /* CompetitionsListViewModel.swift in Sources */,
				932F0E3D2A1D3AFA0005F994 /* ProgressBarView.swift in Sources */,
				93E631B72A2E5F5A00E3F90B /* CompetitionInfoView.swift in Sources */,
				939A5DD329F6EE72005DDA83 /* CompetitionsList.swift in Sources */,
				938D6C462A18D66F002854DC /* ComparisonView.swift in Sources */,
				930AB2AF2A043FA200BFF3FA /* CompetitionRow.swift in Sources */,
				939A5DD129F6ED62005DDA83 /* CompetitionsListView.swift in Sources */,
				935EE8B02A2203C2000D8157 /* ImageCacheManager.swift in Sources */,
				935328D02B7A6D0800559583 /* Odds.swift in Sources */,
				930AB2A92A0414F500BFF3FA /* CompetitionViewModel.swift in Sources */,
				938D6C3D2A0D60ED002854DC /* FixtureView.swift in Sources */,
				930AB2AB2A04181400BFF3FA /* Fixture.swift in Sources */,
				930AB2A62A0414B900BFF3FA /* CompetitionView.swift in Sources */,
				93082BB92A27AADF003FA9BC /* StatisticsViewModel.swift in Sources */,
				930AB2A42A02F90200BFF3FA /* CompetitionImage.swift in Sources */,
				93E631B52A2E58AA00E3F90B /* FixtureInfoView.swift in Sources */,
				938D6C492A18D854002854DC /* ComparisonViewModel.swift in Sources */,
			);
			runOnlyForDeploymentPostprocessing = 0;
		};
/* End PBXSourcesBuildPhase section */

/* Begin XCBuildConfiguration section */
		939A5DCB29F6ED1C005DDA83 /* Debug */ = {
			isa = XCBuildConfiguration;
			buildSettings = {
				ALWAYS_SEARCH_USER_PATHS = NO;
				CLANG_ANALYZER_NONNULL = YES;
				CLANG_ANALYZER_NUMBER_OBJECT_CONVERSION = YES_AGGRESSIVE;
				CLANG_CXX_LANGUAGE_STANDARD = "gnu++20";
				CLANG_ENABLE_MODULES = YES;
				CLANG_ENABLE_OBJC_ARC = YES;
				CLANG_ENABLE_OBJC_WEAK = YES;
				CLANG_WARN_BLOCK_CAPTURE_AUTORELEASING = YES;
				CLANG_WARN_BOOL_CONVERSION = YES;
				CLANG_WARN_COMMA = YES;
				CLANG_WARN_CONSTANT_CONVERSION = YES;
				CLANG_WARN_DEPRECATED_OBJC_IMPLEMENTATIONS = YES;
				CLANG_WARN_DIRECT_OBJC_ISA_USAGE = YES_ERROR;
				CLANG_WARN_DOCUMENTATION_COMMENTS = YES;
				CLANG_WARN_EMPTY_BODY = YES;
				CLANG_WARN_ENUM_CONVERSION = YES;
				CLANG_WARN_INFINITE_RECURSION = YES;
				CLANG_WARN_INT_CONVERSION = YES;
				CLANG_WARN_NON_LITERAL_NULL_CONVERSION = YES;
				CLANG_WARN_OBJC_IMPLICIT_RETAIN_SELF = YES;
				CLANG_WARN_OBJC_LITERAL_CONVERSION = YES;
				CLANG_WARN_OBJC_ROOT_CLASS = YES_ERROR;
				CLANG_WARN_QUOTED_INCLUDE_IN_FRAMEWORK_HEADER = YES;
				CLANG_WARN_RANGE_LOOP_ANALYSIS = YES;
				CLANG_WARN_STRICT_PROTOTYPES = YES;
				CLANG_WARN_SUSPICIOUS_MOVE = YES;
				CLANG_WARN_UNGUARDED_AVAILABILITY = YES_AGGRESSIVE;
				CLANG_WARN_UNREACHABLE_CODE = YES;
				CLANG_WARN__DUPLICATE_METHOD_MATCH = YES;
				COPY_PHASE_STRIP = NO;
				DEBUG_INFORMATION_FORMAT = dwarf;
				ENABLE_STRICT_OBJC_MSGSEND = YES;
				ENABLE_TESTABILITY = YES;
				GCC_C_LANGUAGE_STANDARD = gnu11;
				GCC_DYNAMIC_NO_PIC = NO;
				GCC_NO_COMMON_BLOCKS = YES;
				GCC_OPTIMIZATION_LEVEL = 0;
				GCC_PREPROCESSOR_DEFINITIONS = (
					"DEBUG=1",
					"$(inherited)",
				);
				GCC_WARN_64_TO_32_BIT_CONVERSION = YES;
				GCC_WARN_ABOUT_RETURN_TYPE = YES_ERROR;
				GCC_WARN_UNDECLARED_SELECTOR = YES;
				GCC_WARN_UNINITIALIZED_AUTOS = YES_AGGRESSIVE;
				GCC_WARN_UNUSED_FUNCTION = YES;
				GCC_WARN_UNUSED_VARIABLE = YES;
				IPHONEOS_DEPLOYMENT_TARGET = 16.0;
				MTL_ENABLE_DEBUG_INFO = INCLUDE_SOURCE;
				MTL_FAST_MATH = YES;
				ONLY_ACTIVE_ARCH = YES;
				SDKROOT = iphoneos;
				SWIFT_ACTIVE_COMPILATION_CONDITIONS = DEBUG;
				SWIFT_OPTIMIZATION_LEVEL = "-Onone";
			};
			name = Debug;
		};
		939A5DCC29F6ED1C005DDA83 /* Release */ = {
			isa = XCBuildConfiguration;
			buildSettings = {
				ALWAYS_SEARCH_USER_PATHS = NO;
				CLANG_ANALYZER_NONNULL = YES;
				CLANG_ANALYZER_NUMBER_OBJECT_CONVERSION = YES_AGGRESSIVE;
				CLANG_CXX_LANGUAGE_STANDARD = "gnu++20";
				CLANG_ENABLE_MODULES = YES;
				CLANG_ENABLE_OBJC_ARC = YES;
				CLANG_ENABLE_OBJC_WEAK = YES;
				CLANG_WARN_BLOCK_CAPTURE_AUTORELEASING = YES;
				CLANG_WARN_BOOL_CONVERSION = YES;
				CLANG_WARN_COMMA = YES;
				CLANG_WARN_CONSTANT_CONVERSION = YES;
				CLANG_WARN_DEPRECATED_OBJC_IMPLEMENTATIONS = YES;
				CLANG_WARN_DIRECT_OBJC_ISA_USAGE = YES_ERROR;
				CLANG_WARN_DOCUMENTATION_COMMENTS = YES;
				CLANG_WARN_EMPTY_BODY = YES;
				CLANG_WARN_ENUM_CONVERSION = YES;
				CLANG_WARN_INFINITE_RECURSION = YES;
				CLANG_WARN_INT_CONVERSION = YES;
				CLANG_WARN_NON_LITERAL_NULL_CONVERSION = YES;
				CLANG_WARN_OBJC_IMPLICIT_RETAIN_SELF = YES;
				CLANG_WARN_OBJC_LITERAL_CONVERSION = YES;
				CLANG_WARN_OBJC_ROOT_CLASS = YES_ERROR;
				CLANG_WARN_QUOTED_INCLUDE_IN_FRAMEWORK_HEADER = YES;
				CLANG_WARN_RANGE_LOOP_ANALYSIS = YES;
				CLANG_WARN_STRICT_PROTOTYPES = YES;
				CLANG_WARN_SUSPICIOUS_MOVE = YES;
				CLANG_WARN_UNGUARDED_AVAILABILITY = YES_AGGRESSIVE;
				CLANG_WARN_UNREACHABLE_CODE = YES;
				CLANG_WARN__DUPLICATE_METHOD_MATCH = YES;
				COPY_PHASE_STRIP = NO;
				DEBUG_INFORMATION_FORMAT = "dwarf-with-dsym";
				ENABLE_NS_ASSERTIONS = NO;
				ENABLE_STRICT_OBJC_MSGSEND = YES;
				GCC_C_LANGUAGE_STANDARD = gnu11;
				GCC_NO_COMMON_BLOCKS = YES;
				GCC_WARN_64_TO_32_BIT_CONVERSION = YES;
				GCC_WARN_ABOUT_RETURN_TYPE = YES_ERROR;
				GCC_WARN_UNDECLARED_SELECTOR = YES;
				GCC_WARN_UNINITIALIZED_AUTOS = YES_AGGRESSIVE;
				GCC_WARN_UNUSED_FUNCTION = YES;
				GCC_WARN_UNUSED_VARIABLE = YES;
				IPHONEOS_DEPLOYMENT_TARGET = 16.0;
				MTL_ENABLE_DEBUG_INFO = NO;
				MTL_FAST_MATH = YES;
				SDKROOT = iphoneos;
				SWIFT_COMPILATION_MODE = wholemodule;
				SWIFT_OPTIMIZATION_LEVEL = "-O";
				VALIDATE_PRODUCT = YES;
			};
			name = Release;
		};
		939A5DCE29F6ED1C005DDA83 /* Debug */ = {
			isa = XCBuildConfiguration;
			buildSettings = {
				ASSETCATALOG_COMPILER_APPICON_NAME = AppIcon;
				ASSETCATALOG_COMPILER_GLOBAL_ACCENT_COLOR_NAME = AccentColor;
				CODE_SIGN_IDENTITY = "Apple Development";
				CODE_SIGN_STYLE = Automatic;
				CURRENT_PROJECT_VERSION = 6;
				DEVELOPMENT_ASSET_PATHS = "\"MathBettor/Preview Content\"";
				DEVELOPMENT_TEAM = S8C8X7JYR4;
				ENABLE_PREVIEWS = YES;
				GENERATE_INFOPLIST_FILE = YES;
				INFOPLIST_KEY_CFBundleDisplayName = MathBettor;
				INFOPLIST_KEY_LSApplicationCategoryType = "public.app-category.sports";
				INFOPLIST_KEY_UIApplicationSceneManifest_Generation = YES;
				INFOPLIST_KEY_UIApplicationSupportsIndirectInputEvents = YES;
				INFOPLIST_KEY_UILaunchScreen_Generation = YES;
				INFOPLIST_KEY_UIStatusBarStyle = UIStatusBarStyleLightContent;
				INFOPLIST_KEY_UISupportedInterfaceOrientations = UIInterfaceOrientationPortrait;
				INFOPLIST_KEY_UISupportedInterfaceOrientations_iPad = "UIInterfaceOrientationLandscapeLeft UIInterfaceOrientationLandscapeRight UIInterfaceOrientationPortrait UIInterfaceOrientationPortraitUpsideDown";
				IPHONEOS_DEPLOYMENT_TARGET = 16.0;
				LD_RUNPATH_SEARCH_PATHS = (
					"$(inherited)",
					"@executable_path/Frameworks",
				);
				MARKETING_VERSION = 1.0;
				PRODUCT_BUNDLE_IDENTIFIER = IsaevAleksey.MathBettors;
				PRODUCT_NAME = "$(TARGET_NAME)";
				PROVISIONING_PROFILE_SPECIFIER = "";
				SUPPORTED_PLATFORMS = "iphoneos iphonesimulator";
				SUPPORTS_MACCATALYST = NO;
				SUPPORTS_MAC_DESIGNED_FOR_IPHONE_IPAD = NO;
				SWIFT_EMIT_LOC_STRINGS = YES;
				SWIFT_VERSION = 5.0;
				TARGETED_DEVICE_FAMILY = 1;
			};
			name = Debug;
		};
		939A5DCF29F6ED1C005DDA83 /* Release */ = {
			isa = XCBuildConfiguration;
			buildSettings = {
				ASSETCATALOG_COMPILER_APPICON_NAME = AppIcon;
				ASSETCATALOG_COMPILER_GLOBAL_ACCENT_COLOR_NAME = AccentColor;
				CODE_SIGN_IDENTITY = "Apple Development";
				CODE_SIGN_STYLE = Automatic;
				CURRENT_PROJECT_VERSION = 6;
				DEVELOPMENT_ASSET_PATHS = "\"MathBettor/Preview Content\"";
				DEVELOPMENT_TEAM = S8C8X7JYR4;
				ENABLE_PREVIEWS = YES;
				GENERATE_INFOPLIST_FILE = YES;
				INFOPLIST_KEY_CFBundleDisplayName = MathBettor;
				INFOPLIST_KEY_LSApplicationCategoryType = "public.app-category.sports";
				INFOPLIST_KEY_UIApplicationSceneManifest_Generation = YES;
				INFOPLIST_KEY_UIApplicationSupportsIndirectInputEvents = YES;
				INFOPLIST_KEY_UILaunchScreen_Generation = YES;
				INFOPLIST_KEY_UIStatusBarStyle = UIStatusBarStyleLightContent;
				INFOPLIST_KEY_UISupportedInterfaceOrientations = UIInterfaceOrientationPortrait;
				INFOPLIST_KEY_UISupportedInterfaceOrientations_iPad = "UIInterfaceOrientationLandscapeLeft UIInterfaceOrientationLandscapeRight UIInterfaceOrientationPortrait UIInterfaceOrientationPortraitUpsideDown";
				IPHONEOS_DEPLOYMENT_TARGET = 16.0;
				LD_RUNPATH_SEARCH_PATHS = (
					"$(inherited)",
					"@executable_path/Frameworks",
				);
				MARKETING_VERSION = 1.0;
				PRODUCT_BUNDLE_IDENTIFIER = IsaevAleksey.MathBettors;
				PRODUCT_NAME = "$(TARGET_NAME)";
				PROVISIONING_PROFILE_SPECIFIER = "";
				SUPPORTED_PLATFORMS = "iphoneos iphonesimulator";
				SUPPORTS_MACCATALYST = NO;
				SUPPORTS_MAC_DESIGNED_FOR_IPHONE_IPAD = NO;
				SWIFT_EMIT_LOC_STRINGS = YES;
				SWIFT_VERSION = 5.0;
				TARGETED_DEVICE_FAMILY = 1;
			};
			name = Release;
		};
/* End XCBuildConfiguration section */

/* Begin XCConfigurationList section */
		939A5DBA29F6ED1A005DDA83 /* Build configuration list for PBXProject "MathBettor" */ = {
			isa = XCConfigurationList;
			buildConfigurations = (
				939A5DCB29F6ED1C005DDA83 /* Debug */,
				939A5DCC29F6ED1C005DDA83 /* Release */,
			);
			defaultConfigurationIsVisible = 0;
			defaultConfigurationName = Release;
		};
		939A5DCD29F6ED1C005DDA83 /* Build configuration list for PBXNativeTarget "MathBettor" */ = {
			isa = XCConfigurationList;
			buildConfigurations = (
				939A5DCE29F6ED1C005DDA83 /* Debug */,
				939A5DCF29F6ED1C005DDA83 /* Release */,
			);
			defaultConfigurationIsVisible = 0;
			defaultConfigurationName = Release;
		};
/* End XCConfigurationList section */
	};
	rootObject = 939A5DB729F6ED1A005DDA83 /* Project object */;
}
